{
	"name": "uni-admin 基础框架（原名 uniCloud admin）",
	"version": "2.3.7",
	"lockfileVersion": 2,
	"requires": true,
	"packages": {
		"": {
			"name": "uni-admin 基础框架（原名 uniCloud admin）",
			"version": "2.3.7",
			"license": "MIT",
			"dependencies": {
				"pinyin-pro": "^3.15.4"
			},
			"engines": {
				"HBuilderX": "^3.6.0"
			}
		},
		"node_modules/pinyin-pro": {
			"version": "3.15.4",
			"resolved": "https://registry.npmmirror.com/pinyin-pro/-/pinyin-pro-3.15.4.tgz",
			"integrity": "sha512-v438qrWYcjhMNHxBvreNLU3i378GZrz2Za5KeWZDIH9YCwa3AOXsp4VrufnBur5tSLb79Hqc4rX9LHK7hxUFiw=="
		}
	},
	"dependencies": {
		"pinyin-pro": {
			"version": "3.15.4",
			"resolved": "https://registry.npmmirror.com/pinyin-pro/-/pinyin-pro-3.15.4.tgz",
			"integrity": "sha512-v438qrWYcjhMNHxBvreNLU3i378GZrz2Za5KeWZDIH9YCwa3AOXsp4VrufnBur5tSLb79Hqc4rX9LHK7hxUFiw=="
		}
	}
}
